// !$*UTF8*$!
{
	archiveVersion = 1;
	classes = {
	};
	objectVersion = 46;
	objects = {

/* Begin PBXBuildFile section */
		42C68DC51934A495007FE91C /* Foundation.framework in Frameworks */ = {isa = PBXBuildFile; fileRef = 42C68DC41934A495007FE91C /* Foundation.framework */; };
		42C68DC71934A495007FE91C /* CoreGraphics.framework in Frameworks */ = {isa = PBXBuildFile; fileRef = 42C68DC61934A495007FE91C /* CoreGraphics.framework */; };
		42C68DC91934A495007FE91C /* UIKit.framework in Frameworks */ = {isa = PBXBuildFile; fileRef = 42C68DC81934A495007FE91C /* UIKit.framework */; };
		42C68DCF1934A495007FE91C /* InfoPlist.strings in Resources */ = {isa = PBXBuildFile; fileRef = 42C68DCD1934A495007FE91C /* InfoPlist.strings */; };
		42C68DD11934A495007FE91C /* main.m in Sources */ = {isa = PBXBuildFile; fileRef = 42C68DD01934A495007FE91C /* main.m */; };
		42C68DD51934A495007FE91C /* AppDelegate.m in Sources */ = {isa = PBXBuildFile; fileRef = 42C68DD41934A495007FE91C /* AppDelegate.m */; };
		42C68DDB1934A495007FE91C /* PageViewController.m in Sources */ = {isa = PBXBuildFile; fileRef = 42C68DDA1934A495007FE91C /* PageViewController.m */; };
		42C68DDD1934A495007FE91C /* Images.xcassets in Resources */ = {isa = PBXBuildFile; fileRef = 42C68DDC1934A495007FE91C /* Images.xcassets */; };
		42C68DE41934A495007FE91C /* XCTest.framework in Frameworks */ = {isa = PBXBuildFile; fileRef = 42C68DE31934A495007FE91C /* XCTest.framework */; };
		42C68DE51934A495007FE91C /* Foundation.framework in Frameworks */ = {isa = PBXBuildFile; fileRef = 42C68DC41934A495007FE91C /* Foundation.framework */; };
		42C68DE61934A495007FE91C /* UIKit.framework in Frameworks */ = {isa = PBXBuildFile; fileRef = 42C68DC81934A495007FE91C /* UIKit.framework */; };
		42C68DEE1934A495007FE91C /* InfoPlist.strings in Resources */ = {isa = PBXBuildFile; fileRef = 42C68DEC1934A495007FE91C /* InfoPlist.strings */; };
		42C68DF01934A495007FE91C /* PageControlTests.m in Sources */ = {isa = PBXBuildFile; fileRef = 42C68DEF1934A495007FE91C /* PageControlTests.m */; };
		42C68DFA1934A8B7007FE91C /* Main.storyboard in Resources */ = {isa = PBXBuildFile; fileRef = 42C68DF91934A8B7007FE91C /* Main.storyboard */; };
/* End PBXBuildFile section */

/* Begin PBXContainerItemProxy section */
		42C68DE71934A495007FE91C /* PBXContainerItemProxy */ = {
			isa = PBXContainerItemProxy;
			containerPortal = 42C68DB91934A495007FE91C /* Project object */;
			proxyType = 1;
			remoteGlobalIDString = 42C68DC01934A495007FE91C;
			remoteInfo = PageControl;
		};
/* End PBXContainerItemProxy section */

/* Begin PBXFileReference section */
		42C68DC11934A495007FE91C /* PageControl.app */ = {isa = PBXFileReference; explicitFileType = wrapper.application; includeInIndex = 0; path = PageControl.app; sourceTree = BUILT_PRODUCTS_DIR; };
		42C68DC41934A495007FE91C /* Foundation.framework */ = {isa = PBXFileReference; lastKnownFileType = wrapper.framework; name = Foundation.framework; path = System/Library/Frameworks/Foundation.framework; sourceTree = SDKROOT; };
		42C68DC61934A495007FE91C /* CoreGraphics.framework */ = {isa = PBXFileReference; lastKnownFileType = wrapper.framework; name = CoreGraphics.framework; path = System/Library/Frameworks/CoreGraphics.framework; sourceTree = SDKROOT; };
		42C68DC81934A495007FE91C /* UIKit.framework */ = {isa = PBXFileReference; lastKnownFileType = wrapper.framework; name = UIKit.framework; path = System/Library/Frameworks/UIKit.framework; sourceTree = SDKROOT; };
		42C68DCC1934A495007FE91C /* PageControl-Info.plist */ = {isa = PBXFileReference; lastKnownFileType = text.plist.xml; path = "PageControl-Info.plist"; sourceTree = "<group>"; };
		42C68DCE1934A495007FE91C /* en */ = {isa = PBXFileReference; lastKnownFileType = text.plist.strings; name = en; path = en.lproj/InfoPlist.strings; sourceTree = "<group>"; };
		42C68DD01934A495007FE91C /* main.m */ = {isa = PBXFileReference; lastKnownFileType = sourcecode.c.objc; path = main.m; sourceTree = "<group>"; };
		42C68DD21934A495007FE91C /* PageControl-Prefix.pch */ = {isa = PBXFileReference; lastKnownFileType = sourcecode.c.h; path = "PageControl-Prefix.pch"; sourceTree = "<group>"; };
		42C68DD31934A495007FE91C /* AppDelegate.h */ = {isa = PBXFileReference; lastKnownFileType = sourcecode.c.h; path = AppDelegate.h; sourceTree = "<group>"; };
		42C68DD41934A495007FE91C /* AppDelegate.m */ = {isa = PBXFileReference; lastKnownFileType = sourcecode.c.objc; path = AppDelegate.m; sourceTree = "<group>"; };
		42C68DD91934A495007FE91C /* PageViewController.h */ = {isa = PBXFileReference; lastKnownFileType = sourcecode.c.h; path = PageViewController.h; sourceTree = "<group>"; };
		42C68DDA1934A495007FE91C /* PageViewController.m */ = {isa = PBXFileReference; lastKnownFileType = sourcecode.c.objc; path = PageViewController.m; sourceTree = "<group>"; };
		42C68DDC1934A495007FE91C /* Images.xcassets */ = {isa = PBXFileReference; lastKnownFileType = folder.assetcatalog; path = Images.xcassets; sourceTree = "<group>"; };
		42C68DE21934A495007FE91C /* PageControlTests.xctest */ = {isa = PBXFileReference; explicitFileType = wrapper.cfbundle; includeInIndex = 0; path = PageControlTests.xctest; sourceTree = BUILT_PRODUCTS_DIR; };
		42C68DE31934A495007FE91C /* XCTest.framework */ = {isa = PBXFileReference; lastKnownFileType = wrapper.framework; name = XCTest.framework; path = Library/Frameworks/XCTest.framework; sourceTree = DEVELOPER_DIR; };
		42C68DEB1934A495007FE91C /* PageControlTests-Info.plist */ = {isa = PBXFileReference; lastKnownFileType = text.plist.xml; path = "PageControlTests-Info.plist"; sourceTree = "<group>"; };
		42C68DED1934A495007FE91C /* en */ = {isa = PBXFileReference; lastKnownFileType = text.plist.strings; name = en; path = en.lproj/InfoPlist.strings; sourceTree = "<group>"; };
		42C68DEF1934A495007FE91C /* PageControlTests.m */ = {isa = PBXFileReference; lastKnownFileType = sourcecode.c.objc; path = PageControlTests.m; sourceTree = "<group>"; };
		42C68DF91934A8B7007FE91C /* Main.storyboard */ = {isa = PBXFileReference; fileEncoding = 4; lastKnownFileType = file.storyboard; path = Main.storyboard; sourceTree = "<group>"; };
/* End PBXFileReference section */

/* Begin PBXFrameworksBuildPhase section */
		42C68DBE1934A495007FE91C /* Frameworks */ = {
			isa = PBXFrameworksBuildPhase;
			buildActionMask = 2147483647;
			files = (
				42C68DC71934A495007FE91C /* CoreGraphics.framework in Frameworks */,
				42C68DC91934A495007FE91C /* UIKit.framework in Frameworks */,
				42C68DC51934A495007FE91C /* Foundation.framework in Frameworks */,
			);
			runOnlyForDeploymentPostprocessing = 0;
		};
		42C68DDF1934A495007FE91C /* Frameworks */ = {
			isa = PBXFrameworksBuildPhase;
			buildActionMask = 2147483647;
			files = (
				42C68DE41934A495007FE91C /* XCTest.framework in Frameworks */,
				42C68DE61934A495007FE91C /* UIKit.framework in Frameworks */,
				42C68DE51934A495007FE91C /* Foundation.framework in Frameworks */,
			);
			runOnlyForDeploymentPostprocessing = 0;
		};
/* End PBXFrameworksBuildPhase section */

/* Begin PBXGroup section */
		42C68DB81934A495007FE91C = {
			isa = PBXGroup;
			children = (
				42C68DCA1934A495007FE91C /* PageControl */,
				42C68DE91934A495007FE91C /* PageControlTests */,
				42C68DC31934A495007FE91C /* Frameworks */,
				42C68DC21934A495007FE91C /* Products */,
			);
			sourceTree = "<group>";
		};
		42C68DC21934A495007FE91C /* Products */ = {
			isa = PBXGroup;
			children = (
				42C68DC11934A495007FE91C /* PageControl.app */,
				42C68DE21934A495007FE91C /* PageControlTests.xctest */,
			);
			name = Products;
			sourceTree = "<group>";
		};
		42C68DC31934A495007FE91C /* Frameworks */ = {
			isa = PBXGroup;
			children = (
				42C68DC41934A495007FE91C /* Foundation.framework */,
				42C68DC61934A495007FE91C /* CoreGraphics.framework */,
				42C68DC81934A495007FE91C /* UIKit.framework */,
				42C68DE31934A495007FE91C /* XCTest.framework */,
			);
			name = Frameworks;
			sourceTree = "<group>";
		};
		42C68DCA1934A495007FE91C /* PageControl */ = {
			isa = PBXGroup;
			children = (
				42C68DD31934A495007FE91C /* AppDelegate.h */,
				42C68DD41934A495007FE91C /* AppDelegate.m */,
				42C68DD91934A495007FE91C /* PageViewController.h */,
				42C68DDA1934A495007FE91C /* PageViewController.m */,
				42C68DF91934A8B7007FE91C /* Main.storyboard */,
				42C68DDC1934A495007FE91C /* Images.xcassets */,
				42C68DCB1934A495007FE91C /* Supporting Files */,
			);
			path = PageControl;
			sourceTree = "<group>";
		};
		42C68DCB1934A495007FE91C /* Supporting Files */ = {
			isa = PBXGroup;
			children = (
				42C68DCC1934A495007FE91C /* PageControl-Info.plist */,
				42C68DCD1934A495007FE91C /* InfoPlist.strings */,
				42C68DD01934A495007FE91C /* main.m */,
				42C68DD21934A495007FE91C /* PageControl-Prefix.pch */,
			);
			name = "Supporting Files";
			sourceTree = "<group>";
		};
		42C68DE91934A495007FE91C /* PageControlTests */ = {
			isa = PBXGroup;
			children = (
				42C68DEF1934A495007FE91C /* PageControlTests.m */,
				42C68DEA1934A495007FE91C /* Supporting Files */,
			);
			path = PageControlTests;
			sourceTree = "<group>";
		};
		42C68DEA1934A495007FE91C /* Supporting Files */ = {
			isa = PBXGroup;
			children = (
				42C68DEB1934A495007FE91C /* PageControlTests-Info.plist */,
				42C68DEC1934A495007FE91C /* InfoPlist.strings */,
			);
			name = "Supporting Files";
			sourceTree = "<group>";
		};
/* End PBXGroup section */

/* Begin PBXNativeTarget section */
		42C68DC01934A495007FE91C /* PageControl */ = {
			isa = PBXNativeTarget;
			buildConfigurationList = 42C68DF31934A495007FE91C /* Build configuration list for PBXNativeTarget "PageControl" */;
			buildPhases = (
				42C68DBD1934A495007FE91C /* Sources */,
				42C68DBE1934A495007FE91C /* Frameworks */,
				42C68DBF1934A495007FE91C /* Resources */,
			);
			buildRules = (
			);
			dependencies = (
			);
			name = PageControl;
			productName = PageControl;
			productReference = 42C68DC11934A495007FE91C /* PageControl.app */;
			productType = "com.apple.product-type.application";
		};
		42C68DE11934A495007FE91C /* PageControlTests */ = {
			isa = PBXNativeTarget;
			buildConfigurationList = 42C68DF61934A495007FE91C /* Build configuration list for PBXNativeTarget "PageControlTests" */;
			buildPhases = (
				42C68DDE1934A495007FE91C /* Sources */,
				42C68DDF1934A495007FE91C /* Frameworks */,
				42C68DE01934A495007FE91C /* Resources */,
			);
			buildRules = (
			);
			dependencies = (
				42C68DE81934A495007FE91C /* PBXTargetDependency */,
			);
			name = PageControlTests;
			productName = PageControlTests;
			productReference = 42C68DE21934A495007FE91C /* PageControlTests.xctest */;
			productType = "com.apple.product-type.bundle.unit-test";
		};
/* End PBXNativeTarget section */

/* Begin PBXProject section */
		42C68DB91934A495007FE91C /* Project object */ = {
			isa = PBXProject;
			attributes = {
				LastUpgradeCheck = 0510;
				ORGANIZATIONNAME = "HAJIME MAEDA";
				TargetAttributes = {
					42C68DE11934A495007FE91C = {
						TestTargetID = 42C68DC01934A495007FE91C;
					};
				};
			};
			buildConfigurationList = 42C68DBC1934A495007FE91C /* Build configuration list for PBXProject "PageControl" */;
			compatibilityVersion = "Xcode 3.2";
			developmentRegion = English;
			hasScannedForEncodings = 0;
			knownRegions = (
				en,
				Base,
			);
			mainGroup = 42C68DB81934A495007FE91C;
			productRefGroup = 42C68DC21934A495007FE91C /* Products */;
			projectDirPath = "";
			projectRoot = "";
			targets = (
				42C68DC01934A495007FE91C /* PageControl */,
				42C68DE11934A495007FE91C /* PageControlTests */,
			);
		};
/* End PBXProject section */

/* Begin PBXResourcesBuildPhase section */
		42C68DBF1934A495007FE91C /* Resources */ = {
			isa = PBXResourcesBuildPhase;
			buildActionMask = 2147483647;
			files = (
				42C68DFA1934A8B7007FE91C /* Main.storyboard in Resources */,
				42C68DDD1934A495007FE91C /* Images.xcassets in Resources */,
				42C68DCF1934A495007FE91C /* InfoPlist.strings in Resources */,
			);
			runOnlyForDeploymentPostprocessing = 0;
		};
		42C68DE01934A495007FE91C /* Resources */ = {
			isa = PBXResourcesBuildPhase;
			buildActionMask = 2147483647;
			files = (
				42C68DEE1934A495007FE91C /* InfoPlist.strings in Resources */,
			);
			runOnlyForDeploymentPostprocessing = 0;
		};
/* End PBXResourcesBuildPhase section */

/* Begin PBXSourcesBuildPhase section */
		42C68DBD1934A495007FE91C /* Sources */ = {
			isa = PBXSourcesBuildPhase;
			buildActionMask = 2147483647;
			files = (
				42C68DDB1934A495007FE91C /* PageViewController.m in Sources */,
				42C68DD51934A495007FE91C /* AppDelegate.m in Sources */,
				42C68DD11934A495007FE91C /* main.m in Sources */,
			);
			runOnlyForDeploymentPostprocessing = 0;
		};
		42C68DDE1934A495007FE91C /* Sources */ = {
			isa = PBXSourcesBuildPhase;
			buildActionMask = 2147483647;
			files = (
				42C68DF01934A495007FE91C /* PageControlTests.m in Sources */,
			);
			runOnlyForDeploymentPostprocessing = 0;
		};
/* End PBXSourcesBuildPhase section */

/* Begin PBXTargetDependency section */
		42C68DE81934A495007FE91C /* PBXTargetDependency */ = {
			isa = PBXTargetDependency;
			target = 42C68DC01934A495007FE91C /* PageControl */;
			targetProxy = 42C68DE71934A495007FE91C /* PBXContainerItemProxy */;
		};
/* End PBXTargetDependency section */

/* Begin PBXVariantGroup section */
		42C68DCD1934A495007FE91C /* InfoPlist.strings */ = {
			isa = PBXVariantGroup;
			children = (
				42C68DCE1934A495007FE91C /* en */,
			);
			name = InfoPlist.strings;
			sourceTree = "<group>";
		};
		42C68DEC1934A495007FE91C /* InfoPlist.strings */ = {
			isa = PBXVariantGroup;
			children = (
				42C68DED1934A495007FE91C /* en */,
			);
			name = InfoPlist.strings;
			sourceTree = "<group>";
		};
/* End PBXVariantGroup section */

/* Begin XCBuildConfiguration section */
		42C68DF11934A495007FE91C /* Debug */ = {
			isa = XCBuildConfiguration;
			buildSettings = {
				ALWAYS_SEARCH_USER_PATHS = NO;
				CLANG_CXX_LANGUAGE_STANDARD = "gnu++0x";
				CLANG_CXX_LIBRARY = "libc++";
				CLANG_ENABLE_MODULES = YES;
				CLANG_ENABLE_OBJC_ARC = YES;
				CLANG_WARN_BOOL_CONVERSION = YES;
				CLANG_WARN_CONSTANT_CONVERSION = YES;
				CLANG_WARN_DIRECT_OBJC_ISA_USAGE = YES_ERROR;
				CLANG_WARN_EMPTY_BODY = YES;
				CLANG_WARN_ENUM_CONVERSION = YES;
				CLANG_WARN_INT_CONVERSION = YES;
				CLANG_WARN_OBJC_ROOT_CLASS = YES_ERROR;
				CLANG_WARN__DUPLICATE_METHOD_MATCH = YES;
				"CODE_SIGN_IDENTITY[sdk=iphoneos*]" = "iPhone Developer";
				COPY_PHASE_STRIP = NO;
				GCC_C_LANGUAGE_STANDARD = gnu99;
				GCC_DYNAMIC_NO_PIC = NO;
				GCC_OPTIMIZATION_LEVEL = 0;
				GCC_PREPROCESSOR_DEFINITIONS = (
					"DEBUG=1",
					"$(inherited)",
				);
				GCC_SYMBOLS_PRIVATE_EXTERN = NO;
				GCC_WARN_64_TO_32_BIT_CONVERSION = YES;
				GCC_WARN_ABOUT_RETURN_TYPE = YES_ERROR;
				GCC_WARN_UNDECLARED_SELECTOR = YES;
				GCC_WARN_UNINITIALIZED_AUTOS = YES_AGGRESSIVE;
				GCC_WARN_UNUSED_FUNCTION = YES;
				GCC_WARN_UNUSED_VARIABLE = YES;
				IPHONEOS_DEPLOYMENT_TARGET = 7.1;
				ONLY_ACTIVE_ARCH = YES;
				SDKROOT = iphoneos;
			};
			name = Debug;
		};
		42C68DF21934A495007FE91C /* Release */ = {
			isa = XCBuildConfiguration;
			buildSettings = {
				ALWAYS_SEARCH_USER_PATHS = NO;
				CLANG_CXX_LANGUAGE_STANDARD = "gnu++0x";
				CLANG_CXX_LIBRARY = "libc++";
				CLANG_ENABLE_MODULES = YES;
				CLANG_ENABLE_OBJC_ARC = YES;
				CLANG_WARN_BOOL_CONVERSION = YES;
				CLANG_WARN_CONSTANT_CONVERSION = YES;
				CLANG_WARN_DIRECT_OBJC_ISA_USAGE = YES_ERROR;
				CLANG_WARN_EMPTY_BODY = YES;
				CLANG_WARN_ENUM_CONVERSION = YES;
				CLANG_WARN_INT_CONVERSION = YES;
				CLANG_WARN_OBJC_ROOT_CLASS = YES_ERROR;
				CLANG_WARN__DUPLICATE_METHOD_MATCH = YES;
				"CODE_SIGN_IDENTITY[sdk=iphoneos*]" = "iPhone Developer";
				COPY_PHASE_STRIP = YES;
				ENABLE_NS_ASSERTIONS = NO;
				GCC_C_LANGUAGE_STANDARD = gnu99;
				GCC_WARN_64_TO_32_BIT_CONVERSION = YES;
				GCC_WARN_ABOUT_RETURN_TYPE = YES_ERROR;
				GCC_WARN_UNDECLARED_SELECTOR = YES;
				GCC_WARN_UNINITIALIZED_AUTOS = YES_AGGRESSIVE;
				GCC_WARN_UNUSED_FUNCTION = YES;
				GCC_WARN_UNUSED_VARIABLE = YES;
				IPHONEOS_DEPLOYMENT_TARGET = 7.1;
				SDKROOT = iphoneos;
				VALIDATE_PRODUCT = YES;
			};
			name = Release;
		};
		42C68DF41934A495007FE91C /* Debug */ = {
			isa = XCBuildConfiguration;
			buildSettings = {
				ASSETCATALOG_COMPILER_APPICON_NAME = AppIcon;
				ASSETCATALOG_COMPILER_LAUNCHIMAGE_NAME = LaunchImage;
				GCC_PRECOMPILE_PREFIX_HEADER = YES;
				GCC_PREFIX_HEADER = "PageControl/PageControl-Prefix.pch";
				INFOPLIST_FILE = "PageControl/PageControl-Info.plist";
				PRODUCT_NAME = "$(TARGET_NAME)";
				WRAPPER_EXTENSION = app;
			};
			name = Debug;
		};
		42C68DF51934A495007FE91C /* Release */ = {
			isa = XCBuildConfiguration;
			buildSettings = {
				ASSETCATALOG_COMPILER_APPICON_NAME = AppIcon;
				ASSETCATALOG_COMPILER_LAUNCHIMAGE_NAME = LaunchImage;
				GCC_PRECOMPILE_PREFIX_HEADER = YES;
				GCC_PREFIX_HEADER = "PageControl/PageControl-Prefix.pch";
				INFOPLIST_FILE = "PageControl/PageControl-Info.plist";
				PRODUCT_NAME = "$(TARGET_NAME)";
				WRAPPER_EXTENSION = app;
			};
			name = Release;
		};
		42C68DF71934A495007FE91C /* Debug */ = {
			isa = XCBuildConfiguration;
			buildSettings = {
				BUNDLE_LOADER = "$(BUILT_PRODUCTS_DIR)/PageControl.app/PageControl";
				FRAMEWORK_SEARCH_PATHS = (
					"$(SDKROOT)/Developer/Library/Frameworks",
					"$(inherited)",
					"$(DEVELOPER_FRAMEWORKS_DIR)",
				);
				GCC_PRECOMPILE_PREFIX_HEADER = YES;
				GCC_PREFIX_HEADER = "PageControl/PageControl-Prefix.pch";
				GCC_PREPROCESSOR_DEFINITIONS = (
					"DEBUG=1",
					"$(inherited)",
				);
				INFOPLIST_FILE = "PageControlTests/PageControlTests-Info.plist";
				PRODUCT_NAME = "$(TARGET_NAME)";
				TEST_HOST = "$(BUNDLE_LOADER)";
				WRAPPER_EXTENSION = xctest;
			};
			name = Debug;
		};
		42C68DF81934A495007FE91C /* Release */ = {
			isa = XCBuildConfiguration;
			buildSettings = {
				BUNDLE_LOADER = "$(BUILT_PRODUCTS_DIR)/PageControl.app/PageControl";
				FRAMEWORK_SEARCH_PATHS = (
					"$(SDKROOT)/Developer/Library/Frameworks",
					"$(inherited)",
					"$(DEVELOPER_FRAMEWORKS_DIR)",
				);
				GCC_PRECOMPILE_PREFIX_HEADER = YES;
				GCC_PREFIX_HEADER = "PageControl/PageControl-Prefix.pch";
				INFOPLIST_FILE = "PageControlTests/PageControlTests-Info.plist";
				PRODUCT_NAME = "$(TARGET_NAME)";
				TEST_HOST = "$(BUNDLE_LOADER)";
				WRAPPER_EXTENSION = xctest;
			};
			name = Release;
		};
/* End XCBuildConfiguration section */

/* Begin XCConfigurationList section */
		42C68DBC1934A495007FE91C /* Build configuration list for PBXProject "PageControl" */ = {
			isa = XCConfigurationList;
			buildConfigurations = (
				42C68DF11934A495007FE91C /* Debug */,
				42C68DF21934A495007FE91C /* Release */,
			);
			defaultConfigurationIsVisible = 0;
			defaultConfigurationName = Release;
		};
		42C68DF31934A495007FE91C /* Build configuration list for PBXNativeTarget "PageControl" */ = {
			isa = XCConfigurationList;
			buildConfigurations = (
				42C68DF41934A495007FE91C /* Debug */,
				42C68DF51934A495007FE91C /* Release */,
			);
			defaultConfigurationIsVisible = 0;
			defaultConfigurationName = Release;
		};
		42C68DF61934A495007FE91C /* Build configuration list for PBXNativeTarget "PageControlTests" */ = {
			isa = XCConfigurationList;
			buildConfigurations = (
				42C68DF71934A495007FE91C /* Debug */,
				42C68DF81934A495007FE91C /* Release */,
			);
			defaultConfigurationIsVisible = 0;
			defaultConfigurationName = Release;
		};
/* End XCConfigurationList section */
	};
	rootObject = 42C68DB91934A495007FE91C /* Project object */;
}
